{
    "_meta": {
        "hash": {
            "sha256": "5d34c10ac1acb9b6e038dbdf57797b912e800c3957bb519cf4e175d9cedc5e44"
        },
        "pipfile-spec": 6,
        "requires": {
            "python_version": "3.6"
        },
        "sources": [
            {
                "name": "pypi",
                "url": "https://pypi.org/simple",
                "verify_ssl": true
            }
        ]
    },
    "default": {
        "static-resume": {
            "git": "https://github.com/pierre-24/static_resume.git",
            "ref": "108b5b86e80694242ce6436dcb18933a4eaf3c93"
        }
    },
    "develop": {}
}
